
Microsoft Visual Studio Solution File, Format Version 12.00
# Visual Studio Version 16
VisualStudioVersion = 16.0.31410.357
MinimumVisualStudioVersion = 10.0.40219.1
Project("{FAE04EC0-301F-11D3-BF4B-00C04F79EFBC}") = "Capa_de_presentacion", "Capa de negocios\Capa_de_presentacion.csproj", "{6B174AF4-83C2-4259-AD71-9957A8E77601}"
EndProject
Global
	GlobalSection(SolutionConfigurationPlatforms) = preSolution
		Debug|Any CPU = Debug|Any CPU
		Release|Any CPU = Release|Any CPU
	EndGlobalSection
	GlobalSection(ProjectConfigurationPlatforms) = postSolution
		{6B174AF4-83C2-4259-AD71-9957A8E77601}.Debug|Any CPU.ActiveCfg = Debug|Any CPU
		{6B174AF4-83C2-4259-AD71-9957A8E77601}.Debug|Any CPU.Build.0 = Debug|Any CPU
		{6B174AF4-83C2-4259-AD71-9957A8E77601}.Release|Any CPU.ActiveCfg = Release|Any CPU
		{6B174AF4-83C2-4259-AD71-9957A8E77601}.Release|Any CPU.Build.0 = Release|Any CPU
	EndGlobalSection
	GlobalSection(SolutionProperties) = preSolution
		HideSolutionNode = FALSE
	EndGlobalSection
	GlobalSection(ExtensibilityGlobals) = postSolution
		SolutionGuid = {4B4FF445-75E4-44DE-88B7-62F0498224B7}
	EndGlobalSection
EndGlobal
